
Microsoft Visual Studio Solution File, Format Version 12.00
# Visual Studio Version 17
VisualStudioVersion = 17.1.32210.238
MinimumVisualStudioVersion = 10.0.40219.1
Project("{FAE04EC0-301F-11D3-BF4B-00C04F79EFBC}") = "Abs1", "Abs1\Abs1.csproj", "{D59D5B77-AC2E-492E-8ED9-F6C8AED6F2C9}"
EndProject
Global
	GlobalSection(SolutionConfigurationPlatforms) = preSolution
		Debug|Any CPU = Debug|Any CPU
		Release|Any CPU = Release|Any CPU
	EndGlobalSection
	GlobalSection(ProjectConfigurationPlatforms) = postSolution
		{D59D5B77-AC2E-492E-8ED9-F6C8AED6F2C9}.Debug|Any CPU.ActiveCfg = Debug|Any CPU
		{D59D5B77-AC2E-492E-8ED9-F6C8AED6F2C9}.Debug|Any CPU.Build.0 = Debug|Any CPU
		{D59D5B77-AC2E-492E-8ED9-F6C8AED6F2C9}.Release|Any CPU.ActiveCfg = Release|Any CPU
		{D59D5B77-AC2E-492E-8ED9-F6C8AED6F2C9}.Release|Any CPU.Build.0 = Release|Any CPU
	EndGlobalSection
	GlobalSection(SolutionProperties) = preSolution
		HideSolutionNode = FALSE
	EndGlobalSection
	GlobalSection(ExtensibilityGlobals) = postSolution
		SolutionGuid = {126522C5-7A45-4B9D-8418-63FDA8293C89}
	EndGlobalSection
EndGlobal
