
Microsoft Visual Studio Solution File, Format Version 12.00
# Visual Studio Version 17
VisualStudioVersion = 17.0.32126.317
MinimumVisualStudioVersion = 10.0.40219.1
Project("{FAE04EC0-301F-11D3-BF4B-00C04F79EFBC}") = "character", "character\character.csproj", "{F0B1FF1D-4838-45E0-A75A-407954215E06}"
EndProject
Global
	GlobalSection(SolutionConfigurationPlatforms) = preSolution
		Debug|Any CPU = Debug|Any CPU
		Release|Any CPU = Release|Any CPU
	EndGlobalSection
	GlobalSection(ProjectConfigurationPlatforms) = postSolution
		{F0B1FF1D-4838-45E0-A75A-407954215E06}.Debug|Any CPU.ActiveCfg = Debug|Any CPU
		{F0B1FF1D-4838-45E0-A75A-407954215E06}.Debug|Any CPU.Build.0 = Debug|Any CPU
		{F0B1FF1D-4838-45E0-A75A-407954215E06}.Release|Any CPU.ActiveCfg = Release|Any CPU
		{F0B1FF1D-4838-45E0-A75A-407954215E06}.Release|Any CPU.Build.0 = Release|Any CPU
	EndGlobalSection
	GlobalSection(SolutionProperties) = preSolution
		HideSolutionNode = FALSE
	EndGlobalSection
	GlobalSection(ExtensibilityGlobals) = postSolution
		SolutionGuid = {84C6ED28-4BF1-4B38-A47C-E756A11BB14B}
	EndGlobalSection
EndGlobal
